// !$*UTF8*$!
{
	archiveVersion = 1;
	classes = {
	};
	objectVersion = 46;
	objects = {

/* Begin PBXBuildFile section */
		E6D452C21D7EE8450026DCCB /* AppDelegate.swift in Sources */ = {isa = PBXBuildFile; fileRef = E6D452C11D7EE8450026DCCB /* AppDelegate.swift */; };
		E6D452C41D7EE8450026DCCB /* ViewController.swift in Sources */ = {isa = PBXBuildFile; fileRef = E6D452C31D7EE8450026DCCB /* ViewController.swift */; };
		E6D452C71D7EE8450026DCCB /* Main.storyboard in Resources */ = {isa = PBXBuildFile; fileRef = E6D452C51D7EE8450026DCCB /* Main.storyboard */; };
		E6D452C91D7EE8450026DCCB /* Assets.xcassets in Resources */ = {isa = PBXBuildFile; fileRef = E6D452C81D7EE8450026DCCB /* Assets.xcassets */; };
		E6D452CC1D7EE8450026DCCB /* LaunchScreen.storyboard in Resources */ = {isa = PBXBuildFile; fileRef = E6D452CA1D7EE8450026DCCB /* LaunchScreen.storyboard */; };
		E6D452D71D7EE8450026DCCB /* day5Tests.swift in Sources */ = {isa = PBXBuildFile; fileRef = E6D452D61D7EE8450026DCCB /* day5Tests.swift */; };
		E6D452E21D7EE8450026DCCB /* day5UITests.swift in Sources */ = {isa = PBXBuildFile; fileRef = E6D452E11D7EE8450026DCCB /* day5UITests.swift */; };
		E6D452F01D7EE8620026DCCB /* MapKit.framework in Frameworks */ = {isa = PBXBuildFile; fileRef = E6D452EF1D7EE8620026DCCB /* MapKit.framework */; };
		E6D452F21D7EEFE00026DCCB /* CoreLocation.framework in Frameworks */ = {isa = PBXBuildFile; fileRef = E6D452F11D7EEFE00026DCCB /* CoreLocation.framework */; };
		E6D452F41D7EF8C20026DCCB /* SubViewController.swift in Sources */ = {isa = PBXBuildFile; fileRef = E6D452F31D7EF8C20026DCCB /* SubViewController.swift */; };
/* End PBXBuildFile section */

/* Begin PBXContainerItemProxy section */
		E6D452D31D7EE8450026DCCB /* PBXContainerItemProxy */ = {
			isa = PBXContainerItemProxy;
			containerPortal = E6D452B61D7EE8450026DCCB /* Project object */;
			proxyType = 1;
			remoteGlobalIDString = E6D452BD1D7EE8450026DCCB;
			remoteInfo = day5;
		};
		E6D452DE1D7EE8450026DCCB /* PBXContainerItemProxy */ = {
			isa = PBXContainerItemProxy;
			containerPortal = E6D452B61D7EE8450026DCCB /* Project object */;
			proxyType = 1;
			remoteGlobalIDString = E6D452BD1D7EE8450026DCCB;
			remoteInfo = day5;
		};
/* End PBXContainerItemProxy section */

/* Begin PBXFileReference section */
		E6D452BE1D7EE8450026DCCB /* day5.app */ = {isa = PBXFileReference; explicitFileType = wrapper.application; includeInIndex = 0; path = day5.app; sourceTree = BUILT_PRODUCTS_DIR; };
		E6D452C11D7EE8450026DCCB /* AppDelegate.swift */ = {isa = PBXFileReference; lastKnownFileType = sourcecode.swift; path = AppDelegate.swift; sourceTree = "<group>"; };
		E6D452C31D7EE8450026DCCB /* ViewController.swift */ = {isa = PBXFileReference; lastKnownFileType = sourcecode.swift; path = ViewController.swift; sourceTree = "<group>"; };
		E6D452C61D7EE8450026DCCB /* Base */ = {isa = PBXFileReference; lastKnownFileType = file.storyboard; name = Base; path = Base.lproj/Main.storyboard; sourceTree = "<group>"; };
		E6D452C81D7EE8450026DCCB /* Assets.xcassets */ = {isa = PBXFileReference; lastKnownFileType = folder.assetcatalog; path = Assets.xcassets; sourceTree = "<group>"; };
		E6D452CB1D7EE8450026DCCB /* Base */ = {isa = PBXFileReference; lastKnownFileType = file.storyboard; name = Base; path = Base.lproj/LaunchScreen.storyboard; sourceTree = "<group>"; };
		E6D452CD1D7EE8450026DCCB /* Info.plist */ = {isa = PBXFileReference; lastKnownFileType = text.plist.xml; path = Info.plist; sourceTree = "<group>"; };
		E6D452D21D7EE8450026DCCB /* day5Tests.xctest */ = {isa = PBXFileReference; explicitFileType = wrapper.cfbundle; includeInIndex = 0; path = day5Tests.xctest; sourceTree = BUILT_PRODUCTS_DIR; };
		E6D452D61D7EE8450026DCCB /* day5Tests.swift */ = {isa = PBXFileReference; lastKnownFileType = sourcecode.swift; path = day5Tests.swift; sourceTree = "<group>"; };
		E6D452D81D7EE8450026DCCB /* Info.plist */ = {isa = PBXFileReference; lastKnownFileType = text.plist.xml; path = Info.plist; sourceTree = "<group>"; };
		E6D452DD1D7EE8450026DCCB /* day5UITests.xctest */ = {isa = PBXFileReference; explicitFileType = wrapper.cfbundle; includeInIndex = 0; path = day5UITests.xctest; sourceTree = BUILT_PRODUCTS_DIR; };
		E6D452E11D7EE8450026DCCB /* day5UITests.swift */ = {isa = PBXFileReference; lastKnownFileType = sourcecode.swift; path = day5UITests.swift; sourceTree = "<group>"; };
		E6D452E31D7EE8450026DCCB /* Info.plist */ = {isa = PBXFileReference; lastKnownFileType = text.plist.xml; path = Info.plist; sourceTree = "<group>"; };
		E6D452EF1D7EE8620026DCCB /* MapKit.framework */ = {isa = PBXFileReference; lastKnownFileType = wrapper.framework; name = MapKit.framework; path = System/Library/Frameworks/MapKit.framework; sourceTree = SDKROOT; };
		E6D452F11D7EEFE00026DCCB /* CoreLocation.framework */ = {isa = PBXFileReference; lastKnownFileType = wrapper.framework; name = CoreLocation.framework; path = System/Library/Frameworks/CoreLocation.framework; sourceTree = SDKROOT; };
		E6D452F31D7EF8C20026DCCB /* SubViewController.swift */ = {isa = PBXFileReference; fileEncoding = 4; lastKnownFileType = sourcecode.swift; path = SubViewController.swift; sourceTree = "<group>"; };
/* End PBXFileReference section */

/* Begin PBXFrameworksBuildPhase section */
		E6D452BB1D7EE8450026DCCB /* Frameworks */ = {
			isa = PBXFrameworksBuildPhase;
			buildActionMask = 2147483647;
			files = (
				E6D452F21D7EEFE00026DCCB /* CoreLocation.framework in Frameworks */,
				E6D452F01D7EE8620026DCCB /* MapKit.framework in Frameworks */,
			);
			runOnlyForDeploymentPostprocessing = 0;
		};
		E6D452CF1D7EE8450026DCCB /* Frameworks */ = {
			isa = PBXFrameworksBuildPhase;
			buildActionMask = 2147483647;
			files = (
			);
			runOnlyForDeploymentPostprocessing = 0;
		};
		E6D452DA1D7EE8450026DCCB /* Frameworks */ = {
			isa = PBXFrameworksBuildPhase;
			buildActionMask = 2147483647;
			files = (
			);
			runOnlyForDeploymentPostprocessing = 0;
		};
/* End PBXFrameworksBuildPhase section */

/* Begin PBXGroup section */
		E6D452B51D7EE8450026DCCB = {
			isa = PBXGroup;
			children = (
				E6D452F11D7EEFE00026DCCB /* CoreLocation.framework */,
				E6D452EF1D7EE8620026DCCB /* MapKit.framework */,
				E6D452C01D7EE8450026DCCB /* day5 */,
				E6D452D51D7EE8450026DCCB /* day5Tests */,
				E6D452E01D7EE8450026DCCB /* day5UITests */,
				E6D452BF1D7EE8450026DCCB /* Products */,
			);
			sourceTree = "<group>";
		};
		E6D452BF1D7EE8450026DCCB /* Products */ = {
			isa = PBXGroup;
			children = (
				E6D452BE1D7EE8450026DCCB /* day5.app */,
				E6D452D21D7EE8450026DCCB /* day5Tests.xctest */,
				E6D452DD1D7EE8450026DCCB /* day5UITests.xctest */,
			);
			name = Products;
			sourceTree = "<group>";
		};
		E6D452C01D7EE8450026DCCB /* day5 */ = {
			isa = PBXGroup;
			children = (
				E6D452C11D7EE8450026DCCB /* AppDelegate.swift */,
				E6D452C31D7EE8450026DCCB /* ViewController.swift */,
				E6D452F31D7EF8C20026DCCB /* SubViewController.swift */,
				E6D452C51D7EE8450026DCCB /* Main.storyboard */,
				E6D452C81D7EE8450026DCCB /* Assets.xcassets */,
				E6D452CA1D7EE8450026DCCB /* LaunchScreen.storyboard */,
				E6D452CD1D7EE8450026DCCB /* Info.plist */,
			);
			path = day5;
			sourceTree = "<group>";
		};
		E6D452D51D7EE8450026DCCB /* day5Tests */ = {
			isa = PBXGroup;
			children = (
				E6D452D61D7EE8450026DCCB /* day5Tests.swift */,
				E6D452D81D7EE8450026DCCB /* Info.plist */,
			);
			path = day5Tests;
			sourceTree = "<group>";
		};
		E6D452E01D7EE8450026DCCB /* day5UITests */ = {
			isa = PBXGroup;
			children = (
				E6D452E11D7EE8450026DCCB /* day5UITests.swift */,
				E6D452E31D7EE8450026DCCB /* Info.plist */,
			);
			path = day5UITests;
			sourceTree = "<group>";
		};
/* End PBXGroup section */

/* Begin PBXNativeTarget section */
		E6D452BD1D7EE8450026DCCB /* day5 */ = {
			isa = PBXNativeTarget;
			buildConfigurationList = E6D452E61D7EE8450026DCCB /* Build configuration list for PBXNativeTarget "day5" */;
			buildPhases = (
				E6D452BA1D7EE8450026DCCB /* Sources */,
				E6D452BB1D7EE8450026DCCB /* Frameworks */,
				E6D452BC1D7EE8450026DCCB /* Resources */,
			);
			buildRules = (
			);
			dependencies = (
			);
			name = day5;
			productName = day5;
			productReference = E6D452BE1D7EE8450026DCCB /* day5.app */;
			productType = "com.apple.product-type.application";
		};
		E6D452D11D7EE8450026DCCB /* day5Tests */ = {
			isa = PBXNativeTarget;
			buildConfigurationList = E6D452E91D7EE8450026DCCB /* Build configuration list for PBXNativeTarget "day5Tests" */;
			buildPhases = (
				E6D452CE1D7EE8450026DCCB /* Sources */,
				E6D452CF1D7EE8450026DCCB /* Frameworks */,
				E6D452D01D7EE8450026DCCB /* Resources */,
			);
			buildRules = (
			);
			dependencies = (
				E6D452D41D7EE8450026DCCB /* PBXTargetDependency */,
			);
			name = day5Tests;
			productName = day5Tests;
			productReference = E6D452D21D7EE8450026DCCB /* day5Tests.xctest */;
			productType = "com.apple.product-type.bundle.unit-test";
		};
		E6D452DC1D7EE8450026DCCB /* day5UITests */ = {
			isa = PBXNativeTarget;
			buildConfigurationList = E6D452EC1D7EE8450026DCCB /* Build configuration list for PBXNativeTarget "day5UITests" */;
			buildPhases = (
				E6D452D91D7EE8450026DCCB /* Sources */,
				E6D452DA1D7EE8450026DCCB /* Frameworks */,
				E6D452DB1D7EE8450026DCCB /* Resources */,
			);
			buildRules = (
			);
			dependencies = (
				E6D452DF1D7EE8450026DCCB /* PBXTargetDependency */,
			);
			name = day5UITests;
			productName = day5UITests;
			productReference = E6D452DD1D7EE8450026DCCB /* day5UITests.xctest */;
			productType = "com.apple.product-type.bundle.ui-testing";
		};
/* End PBXNativeTarget section */

/* Begin PBXProject section */
		E6D452B61D7EE8450026DCCB /* Project object */ = {
			isa = PBXProject;
			attributes = {
				LastSwiftUpdateCheck = 0730;
				LastUpgradeCheck = 0730;
				ORGANIZATIONNAME = gyorou;
				TargetAttributes = {
					E6D452BD1D7EE8450026DCCB = {
						CreatedOnToolsVersion = 7.3.1;
					};
					E6D452D11D7EE8450026DCCB = {
						CreatedOnToolsVersion = 7.3.1;
						TestTargetID = E6D452BD1D7EE8450026DCCB;
					};
					E6D452DC1D7EE8450026DCCB = {
						CreatedOnToolsVersion = 7.3.1;
						TestTargetID = E6D452BD1D7EE8450026DCCB;
					};
				};
			};
			buildConfigurationList = E6D452B91D7EE8450026DCCB /* Build configuration list for PBXProject "day5" */;
			compatibilityVersion = "Xcode 3.2";
			developmentRegion = English;
			hasScannedForEncodings = 0;
			knownRegions = (
				en,
				Base,
			);
			mainGroup = E6D452B51D7EE8450026DCCB;
			productRefGroup = E6D452BF1D7EE8450026DCCB /* Products */;
			projectDirPath = "";
			projectRoot = "";
			targets = (
				E6D452BD1D7EE8450026DCCB /* day5 */,
				E6D452D11D7EE8450026DCCB /* day5Tests */,
				E6D452DC1D7EE8450026DCCB /* day5UITests */,
			);
		};
/* End PBXProject section */

/* Begin PBXResourcesBuildPhase section */
		E6D452BC1D7EE8450026DCCB /* Resources */ = {
			isa = PBXResourcesBuildPhase;
			buildActionMask = 2147483647;
			files = (
				E6D452CC1D7EE8450026DCCB /* LaunchScreen.storyboard in Resources */,
				E6D452C91D7EE8450026DCCB /* Assets.xcassets in Resources */,
				E6D452C71D7EE8450026DCCB /* Main.storyboard in Resources */,
			);
			runOnlyForDeploymentPostprocessing = 0;
		};
		E6D452D01D7EE8450026DCCB /* Resources */ = {
			isa = PBXResourcesBuildPhase;
			buildActionMask = 2147483647;
			files = (
			);
			runOnlyForDeploymentPostprocessing = 0;
		};
		E6D452DB1D7EE8450026DCCB /* Resources */ = {
			isa = PBXResourcesBuildPhase;
			buildActionMask = 2147483647;
			files = (
			);
			runOnlyForDeploymentPostprocessing = 0;
		};
/* End PBXResourcesBuildPhase section */

/* Begin PBXSourcesBuildPhase section */
		E6D452BA1D7EE8450026DCCB /* Sources */ = {
			isa = PBXSourcesBuildPhase;
			buildActionMask = 2147483647;
			files = (
				E6D452F41D7EF8C20026DCCB /* SubViewController.swift in Sources */,
				E6D452C41D7EE8450026DCCB /* ViewController.swift in Sources */,
				E6D452C21D7EE8450026DCCB /* AppDelegate.swift in Sources */,
			);
			runOnlyForDeploymentPostprocessing = 0;
		};
		E6D452CE1D7EE8450026DCCB /* Sources */ = {
			isa = PBXSourcesBuildPhase;
			buildActionMask = 2147483647;
			files = (
				E6D452D71D7EE8450026DCCB /* day5Tests.swift in Sources */,
			);
			runOnlyForDeploymentPostprocessing = 0;
		};
		E6D452D91D7EE8450026DCCB /* Sources */ = {
			isa = PBXSourcesBuildPhase;
			buildActionMask = 2147483647;
			files = (
				E6D452E21D7EE8450026DCCB /* day5UITests.swift in Sources */,
			);
			runOnlyForDeploymentPostprocessing = 0;
		};
/* End PBXSourcesBuildPhase section */

/* Begin PBXTargetDependency section */
		E6D452D41D7EE8450026DCCB /* PBXTargetDependency */ = {
			isa = PBXTargetDependency;
			target = E6D452BD1D7EE8450026DCCB /* day5 */;
			targetProxy = E6D452D31D7EE8450026DCCB /* PBXContainerItemProxy */;
		};
		E6D452DF1D7EE8450026DCCB /* PBXTargetDependency */ = {
			isa = PBXTargetDependency;
			target = E6D452BD1D7EE8450026DCCB /* day5 */;
			targetProxy = E6D452DE1D7EE8450026DCCB /* PBXContainerItemProxy */;
		};
/* End PBXTargetDependency section */

/* Begin PBXVariantGroup section */
		E6D452C51D7EE8450026DCCB /* Main.storyboard */ = {
			isa = PBXVariantGroup;
			children = (
				E6D452C61D7EE8450026DCCB /* Base */,
			);
			name = Main.storyboard;
			sourceTree = "<group>";
		};
		E6D452CA1D7EE8450026DCCB /* LaunchScreen.storyboard */ = {
			isa = PBXVariantGroup;
			children = (
				E6D452CB1D7EE8450026DCCB /* Base */,
			);
			name = LaunchScreen.storyboard;
			sourceTree = "<group>";
		};
/* End PBXVariantGroup section */

/* Begin XCBuildConfiguration section */
		E6D452E41D7EE8450026DCCB /* Debug */ = {
			isa = XCBuildConfiguration;
			buildSettings = {
				ALWAYS_SEARCH_USER_PATHS = NO;
				CLANG_ANALYZER_NONNULL = YES;
				CLANG_CXX_LANGUAGE_STANDARD = "gnu++0x";
				CLANG_CXX_LIBRARY = "libc++";
				CLANG_ENABLE_MODULES = YES;
				CLANG_ENABLE_OBJC_ARC = YES;
				CLANG_WARN_BOOL_CONVERSION = YES;
				CLANG_WARN_CONSTANT_CONVERSION = YES;
				CLANG_WARN_DIRECT_OBJC_ISA_USAGE = YES_ERROR;
				CLANG_WARN_EMPTY_BODY = YES;
				CLANG_WARN_ENUM_CONVERSION = YES;
				CLANG_WARN_INT_CONVERSION = YES;
				CLANG_WARN_OBJC_ROOT_CLASS = YES_ERROR;
				CLANG_WARN_UNREACHABLE_CODE = YES;
				CLANG_WARN__DUPLICATE_METHOD_MATCH = YES;
				"CODE_SIGN_IDENTITY[sdk=iphoneos*]" = "iPhone Developer";
				COPY_PHASE_STRIP = NO;
				DEBUG_INFORMATION_FORMAT = dwarf;
				ENABLE_STRICT_OBJC_MSGSEND = YES;
				ENABLE_TESTABILITY = YES;
				GCC_C_LANGUAGE_STANDARD = gnu99;
				GCC_DYNAMIC_NO_PIC = NO;
				GCC_NO_COMMON_BLOCKS = YES;
				GCC_OPTIMIZATION_LEVEL = 0;
				GCC_PREPROCESSOR_DEFINITIONS = (
					"DEBUG=1",
					"$(inherited)",
				);
				GCC_WARN_64_TO_32_BIT_CONVERSION = YES;
				GCC_WARN_ABOUT_RETURN_TYPE = YES_ERROR;
				GCC_WARN_UNDECLARED_SELECTOR = YES;
				GCC_WARN_UNINITIALIZED_AUTOS = YES_AGGRESSIVE;
				GCC_WARN_UNUSED_FUNCTION = YES;
				GCC_WARN_UNUSED_VARIABLE = YES;
				IPHONEOS_DEPLOYMENT_TARGET = 9.3;
				MTL_ENABLE_DEBUG_INFO = YES;
				ONLY_ACTIVE_ARCH = YES;
				SDKROOT = iphoneos;
				SWIFT_OPTIMIZATION_LEVEL = "-Onone";
				TARGETED_DEVICE_FAMILY = "1,2";
			};
			name = Debug;
		};
		E6D452E51D7EE8450026DCCB /* Release */ = {
			isa = XCBuildConfiguration;
			buildSettings = {
				ALWAYS_SEARCH_USER_PATHS = NO;
				CLANG_ANALYZER_NONNULL = YES;
				CLANG_CXX_LANGUAGE_STANDARD = "gnu++0x";
				CLANG_CXX_LIBRARY = "libc++";
				CLANG_ENABLE_MODULES = YES;
				CLANG_ENABLE_OBJC_ARC = YES;
				CLANG_WARN_BOOL_CONVERSION = YES;
				CLANG_WARN_CONSTANT_CONVERSION = YES;
				CLANG_WARN_DIRECT_OBJC_ISA_USAGE = YES_ERROR;
				CLANG_WARN_EMPTY_BODY = YES;
				CLANG_WARN_ENUM_CONVERSION = YES;
				CLANG_WARN_INT_CONVERSION = YES;
				CLANG_WARN_OBJC_ROOT_CLASS = YES_ERROR;
				CLANG_WARN_UNREACHABLE_CODE = YES;
				CLANG_WARN__DUPLICATE_METHOD_MATCH = YES;
				"CODE_SIGN_IDENTITY[sdk=iphoneos*]" = "iPhone Developer";
				COPY_PHASE_STRIP = NO;
				DEBUG_INFORMATION_FORMAT = "dwarf-with-dsym";
				ENABLE_NS_ASSERTIONS = NO;
				ENABLE_STRICT_OBJC_MSGSEND = YES;
				GCC_C_LANGUAGE_STANDARD = gnu99;
				GCC_NO_COMMON_BLOCKS = YES;
				GCC_WARN_64_TO_32_BIT_CONVERSION = YES;
				GCC_WARN_ABOUT_RETURN_TYPE = YES_ERROR;
				GCC_WARN_UNDECLARED_SELECTOR = YES;
				GCC_WARN_UNINITIALIZED_AUTOS = YES_AGGRESSIVE;
				GCC_WARN_UNUSED_FUNCTION = YES;
				GCC_WARN_UNUSED_VARIABLE = YES;
				IPHONEOS_DEPLOYMENT_TARGET = 9.3;
				MTL_ENABLE_DEBUG_INFO = NO;
				SDKROOT = iphoneos;
				TARGETED_DEVICE_FAMILY = "1,2";
				VALIDATE_PRODUCT = YES;
			};
			name = Release;
		};
		E6D452E71D7EE8450026DCCB /* Debug */ = {
			isa = XCBuildConfiguration;
			buildSettings = {
				ASSETCATALOG_COMPILER_APPICON_NAME = AppIcon;
				INFOPLIST_FILE = day5/Info.plist;
				LD_RUNPATH_SEARCH_PATHS = "$(inherited) @executable_path/Frameworks";
				PRODUCT_BUNDLE_IDENTIFIER = tjjtds.me.day5;
				PRODUCT_NAME = "$(TARGET_NAME)";
			};
			name = Debug;
		};
		E6D452E81D7EE8450026DCCB /* Release */ = {
			isa = XCBuildConfiguration;
			buildSettings = {
				ASSETCATALOG_COMPILER_APPICON_NAME = AppIcon;
				INFOPLIST_FILE = day5/Info.plist;
				LD_RUNPATH_SEARCH_PATHS = "$(inherited) @executable_path/Frameworks";
				PRODUCT_BUNDLE_IDENTIFIER = tjjtds.me.day5;
				PRODUCT_NAME = "$(TARGET_NAME)";
			};
			name = Release;
		};
		E6D452EA1D7EE8450026DCCB /* Debug */ = {
			isa = XCBuildConfiguration;
			buildSettings = {
				BUNDLE_LOADER = "$(TEST_HOST)";
				INFOPLIST_FILE = day5Tests/Info.plist;
				LD_RUNPATH_SEARCH_PATHS = "$(inherited) @executable_path/Frameworks @loader_path/Frameworks";
				PRODUCT_BUNDLE_IDENTIFIER = tjjtds.me.day5Tests;
				PRODUCT_NAME = "$(TARGET_NAME)";
				TEST_HOST = "$(BUILT_PRODUCTS_DIR)/day5.app/day5";
			};
			name = Debug;
		};
		E6D452EB1D7EE8450026DCCB /* Release */ = {
			isa = XCBuildConfiguration;
			buildSettings = {
				BUNDLE_LOADER = "$(TEST_HOST)";
				INFOPLIST_FILE = day5Tests/Info.plist;
				LD_RUNPATH_SEARCH_PATHS = "$(inherited) @executable_path/Frameworks @loader_path/Frameworks";
				PRODUCT_BUNDLE_IDENTIFIER = tjjtds.me.day5Tests;
				PRODUCT_NAME = "$(TARGET_NAME)";
				TEST_HOST = "$(BUILT_PRODUCTS_DIR)/day5.app/day5";
			};
			name = Release;
		};
		E6D452ED1D7EE8450026DCCB /* Debug */ = {
			isa = XCBuildConfiguration;
			buildSettings = {
				INFOPLIST_FILE = day5UITests/Info.plist;
				LD_RUNPATH_SEARCH_PATHS = "$(inherited) @executable_path/Frameworks @loader_path/Frameworks";
				PRODUCT_BUNDLE_IDENTIFIER = tjjtds.me.day5UITests;
				PRODUCT_NAME = "$(TARGET_NAME)";
				TEST_TARGET_NAME = day5;
			};
			name = Debug;
		};
		E6D452EE1D7EE8450026DCCB /* Release */ = {
			isa = XCBuildConfiguration;
			buildSettings = {
				INFOPLIST_FILE = day5UITests/Info.plist;
				LD_RUNPATH_SEARCH_PATHS = "$(inherited) @executable_path/Frameworks @loader_path/Frameworks";
				PRODUCT_BUNDLE_IDENTIFIER = tjjtds.me.day5UITests;
				PRODUCT_NAME = "$(TARGET_NAME)";
				TEST_TARGET_NAME = day5;
			};
			name = Release;
		};
/* End XCBuildConfiguration section */

/* Begin XCConfigurationList section */
		E6D452B91D7EE8450026DCCB /* Build configuration list for PBXProject "day5" */ = {
			isa = XCConfigurationList;
			buildConfigurations = (
				E6D452E41D7EE8450026DCCB /* Debug */,
				E6D452E51D7EE8450026DCCB /* Release */,
			);
			defaultConfigurationIsVisible = 0;
			defaultConfigurationName = Release;
		};
		E6D452E61D7EE8450026DCCB /* Build configuration list for PBXNativeTarget "day5" */ = {
			isa = XCConfigurationList;
			buildConfigurations = (
				E6D452E71D7EE8450026DCCB /* Debug */,
				E6D452E81D7EE8450026DCCB /* Release */,
			);
			defaultConfigurationIsVisible = 0;
		};
		E6D452E91D7EE8450026DCCB /* Build configuration list for PBXNativeTarget "day5Tests" */ = {
			isa = XCConfigurationList;
			buildConfigurations = (
				E6D452EA1D7EE8450026DCCB /* Debug */,
				E6D452EB1D7EE8450026DCCB /* Release */,
			);
			defaultConfigurationIsVisible = 0;
		};
		E6D452EC1D7EE8450026DCCB /* Build configuration list for PBXNativeTarget "day5UITests" */ = {
			isa = XCConfigurationList;
			buildConfigurations = (
				E6D452ED1D7EE8450026DCCB /* Debug */,
				E6D452EE1D7EE8450026DCCB /* Release */,
			);
			defaultConfigurationIsVisible = 0;
		};
/* End XCConfigurationList section */
	};
	rootObject = E6D452B61D7EE8450026DCCB /* Project object */;
}
